
Microsoft Visual Studio Solution File, Format Version 12.00
Project("{FAE04EC0-301F-11D3-BF4B-00C04F79EFBC}") = "diário", "diário\diário.csproj", "{F678F270-79B7-47F2-8A92-B2212AEC3791}"
EndProject
Global
	GlobalSection(SolutionConfigurationPlatforms) = preSolution
		Debug|Any CPU = Debug|Any CPU
		Release|Any CPU = Release|Any CPU
	EndGlobalSection
	GlobalSection(ProjectConfigurationPlatforms) = postSolution
		{F678F270-79B7-47F2-8A92-B2212AEC3791}.Debug|Any CPU.ActiveCfg = Debug|Any CPU
		{F678F270-79B7-47F2-8A92-B2212AEC3791}.Debug|Any CPU.Build.0 = Debug|Any CPU
		{F678F270-79B7-47F2-8A92-B2212AEC3791}.Release|Any CPU.ActiveCfg = Release|Any CPU
		{F678F270-79B7-47F2-8A92-B2212AEC3791}.Release|Any CPU.Build.0 = Release|Any CPU
	EndGlobalSection
EndGlobal
